
Microsoft Visual Studio Solution File, Format Version 12.00
# Visual Studio Version 17
VisualStudioVersion = 17.2.32616.157
MinimumVisualStudioVersion = 10.0.40219.1
Project("{888888A0-9F3D-457C-B088-3A5042F75D52}") = "interpol_python", "interpol_python\interpol_python.pyproj", "{6C1D54E0-0F2E-442E-8F05-E6EF58900D4C}"
EndProject
Global
	GlobalSection(SolutionConfigurationPlatforms) = preSolution
		Debug|Any CPU = Debug|Any CPU
		Release|Any CPU = Release|Any CPU
	EndGlobalSection
	GlobalSection(ProjectConfigurationPlatforms) = postSolution
		{6C1D54E0-0F2E-442E-8F05-E6EF58900D4C}.Debug|Any CPU.ActiveCfg = Debug|Any CPU
		{6C1D54E0-0F2E-442E-8F05-E6EF58900D4C}.Release|Any CPU.ActiveCfg = Release|Any CPU
	EndGlobalSection
	GlobalSection(SolutionProperties) = preSolution
		HideSolutionNode = FALSE
	EndGlobalSection
	GlobalSection(ExtensibilityGlobals) = postSolution
		SolutionGuid = {5ABC3E23-85E6-4909-B989-7DD0A1D3AA46}
	EndGlobalSection
EndGlobal
